{
  "name": "react-frontend-challenge",
  "lockfileVersion": 3,
  "requires": true,
  "packages": {
    "": {
      "dependencies": {
        "@hookform/resolvers": "^5.9.1",
        "@tanstack/react-query": "^5.102.8",
        "@tanstack/react-router": "^1.170.33",
        "@tanstack/react-table": "^9.2.4",
        "clsx": "^2.1.1",
        "lucide-react": "^1.43.0",
        "react-hook-form": "^7.87.0",
        "tailwind-merge": "^3.6.0",
        "zod": "^4.5.4",
        "zustand": "^5.0.15"
      }
    },
    "node_modules/@hookform/resolvers": {
      "version": "5.9.1",
      "resolved": "https://registry.npmjs.org/@hookform/resolvers/-/resolvers-5.9.1.tgz",
      "integrity": "sha512-7b7vsbraJxKgjVSA1Nur9tLwj539WGJUBLA7QNvXnFoT2pM5Z7G+6rlukk4B2/QrTZy6huRtH6wKeESPKuIr6w==",
      "license": "MIT",
      "dependencies": {
        "@standard-schema/utils": "^0.3.0"
      },
      "peerDependencies": {
        "@sinclair/typebox": ">=0.25.24",
        "@standard-schema/spec": "^1.0.0",
        "@typeschema/main": ">=0.13.7",
        "@vinejs/vine": "^2.0.0 || ^3.0.0 || ^4.0.0",
        "ajv": "^8.12.0",
        "ajv-errors": "^3.0.0",
        "ajv-formats": "^2.1.1",
        "arktype": "^2.0.0",
        "ata-validator": "^1.2.0",
        "class-transformer": ">=0.4.0",
        "class-validator": ">=0.12.0",
        "computed-types": "^1.0.0",
        "effect": "^3.10.3",
        "fluentvalidation-ts": "^3.0.0",
        "fp-ts": "^2.7.0",
        "io-ts": "^2.0.0",
        "joi": "^17.0.0 || ^18.0.0",
        "nope-validator": ">=0.12.0",
        "react-hook-form": "^7.55.0",
        "superstruct": ">=0.12.0",
        "typanion": "^3.3.2",
        "valibot": ">=0.31.0 || ^1.0.0-beta.4 || ^1.0.0-rc",
        "vest": ">=6.0.0",
        "yup": "^1.0.0",
        "zod": "^3.25.0 || ^4.0.0"
      },
      "peerDependenciesMeta": {
        "@sinclair/typebox": {
          "optional": true
        },
        "@standard-schema/spec": {
          "optional": true
        },
        "@typeschema/main": {
          "optional": true
        },
        "@vinejs/vine": {
          "optional": true
        },
        "ajv": {
          "optional": true
        },
        "ajv-errors": {
          "optional": true
        },
        "ajv-formats": {
          "optional": true
        },
        "arktype": {
          "optional": true
        },
        "ata-validator": {
          "optional": true
        },
        "class-transformer": {
          "optional": true
        },
        "class-validator": {
          "optional": true
        },
        "computed-types": {
          "optional": true
        },
        "effect": {
          "optional": true
        },
        "fluentvalidation-ts": {
          "optional": true
        },
        "fp-ts": {
          "optional": true
        },
        "io-ts": {
          "optional": true
        },
        "joi": {
          "optional": true
        },
        "nope-validator": {
          "optional": true
        },
        "superstruct": {
          "optional": true
        },
        "typanion": {
          "optional": true
        },
        "valibot": {
          "optional": true
        },
        "vest": {
          "optional": true
        },
        "yup": {
          "optional": true
        },
        "zod": {
          "optional": true
        }
      }
    },
    "node_modules/@standard-schema/utils": {
      "version": "0.3.0",
      "resolved": "https://registry.npmjs.org/@standard-schema/utils/-/utils-0.3.0.tgz",
      "integrity": "sha512-e7Mew686owMaPJVNNLs55PUvgz371nKgwsc4vxE49zsODpJEnxgxRo2y/OKrqueavXgZNMDVj3DdHFlaSAeU8g==",
      "license": "MIT"
    },
    "node_modules/@tanstack/history": {
      "version": "1.162.2",
      "resolved": "https://registry.npmjs.org/@tanstack/history/-/history-1.162.2.tgz",
      "integrity": "sha512-Lemp3DJbzNqcin/nZpWxycDaEqySDbnIshDbyHJMMCapD4ZQMe57szRpBXOfzfP6fyWAtHNrLrcBUyANJ6Vlow==",
      "license": "MIT",
      "engines": {
        "node": ">=20.19"
      },
      "funding": {
        "type": "github",
        "url": "https://github.com/sponsors/tannerlinsley"
      }
    },
    "node_modules/@tanstack/query-core": {
      "version": "5.102.8",
      "resolved": "https://registry.npmjs.org/@tanstack/query-core/-/query-core-5.102.8.tgz",
      "integrity": "sha512-ZNjkJ33CqvPNec/6lZBnHqLc3EVGPZ9ySLhYahU9TcuRFdmwXewuj0c4hwSWcGHqEUwcSrKeZ+oGcvPBqXcQcg==",
      "license": "MIT",
      "funding": {
        "type": "github",
        "url": "https://github.com/sponsors/tannerlinsley"
      }
    },
    "node_modules/@tanstack/react-query": {
      "version": "5.102.8",
      "resolved": "https://registry.npmjs.org/@tanstack/react-query/-/react-query-5.102.8.tgz",
      "integrity": "sha512-TYBea4OuXWD7MhaSHq069TWbFe7rcwWN6kzT7JF0OKi1K6c1gTv2IzD6A6ExJsCMozdkqBWeuIUZmu4KQg0O5A==",
      "license": "MIT",
      "dependencies": {
        "@tanstack/query-core": "5.102.8"
      },
      "funding": {
        "type": "github",
        "url": "https://github.com/sponsors/tannerlinsley"
      },
      "peerDependencies": {
        "react": "^18 || ^19"
      }
    },
    "node_modules/@tanstack/react-router": {
      "version": "1.170.33",
      "resolved": "https://registry.npmjs.org/@tanstack/react-router/-/react-router-1.170.33.tgz",
      "integrity": "sha512-iNnI98vH3kO/V4dy6YM0CInhqwWBddU0G5wZK5jiMvr3HsK2avDQSRx3RY/y6v+6zQAqb2kD6hUPHIenrJBTSw==",
      "license": "MIT",
      "dependencies": {
        "@tanstack/history": "1.162.2",
        "@tanstack/react-store": "^0.9.3",
        "@tanstack/router-core": "1.171.28",
        "isbot": "^5.1.22"
      },
      "engines": {
        "node": ">=20.19"
      },
      "funding": {
        "type": "github",
        "url": "https://github.com/sponsors/tannerlinsley"
      },
      "peerDependencies": {
        "react": ">=18.0.0 || >=19.0.0",
        "react-dom": ">=18.0.0 || >=19.0.0"
      }
    },
    "node_modules/@tanstack/react-store": {
      "version": "0.9.3",
      "resolved": "https://registry.npmjs.org/@tanstack/react-store/-/react-store-0.9.3.tgz",
      "integrity": "sha512-y2iHd/N9OkoQbFJLUX1T9vbc2O9tjH0pQRgTcx1/Nz4IlwLvkgpuglXUx+mXt0g5ZDFrEeDnONPqkbfxXJKwRg==",
      "license": "MIT",
      "dependencies": {
        "@tanstack/store": "0.9.3",
        "use-sync-external-store": "^1.6.0"
      },
      "funding": {
        "type": "github",
        "url": "https://github.com/sponsors/tannerlinsley"
      },
      "peerDependencies": {
        "react": "^16.8.0 || ^17.0.0 || ^18.0.0 || ^19.0.0",
        "react-dom": "^16.8.0 || ^17.0.0 || ^18.0.0 || ^19.0.0"
      }
    },
    "node_modules/@tanstack/react-table": {
      "version": "9.2.4",
      "resolved": "https://registry.npmjs.org/@tanstack/react-table/-/react-table-9.2.4.tgz",
      "integrity": "sha512-Rzp1Q4e0/nIgEjmISYR5HeEgLTNtrG+C7NFZf/AbCxPO5hg+zC3yNGwcoECigUk8SFzzvhXbd2rFdtP2ZiGrfA==",
      "license": "MIT",
      "dependencies": {
        "@tanstack/react-store": "^0.11.1",
        "@tanstack/table-core": "9.2.4"
      },
      "engines": {
        "node": ">=20"
      },
      "funding": {
        "type": "github",
        "url": "https://github.com/sponsors/tannerlinsley"
      },
      "peerDependencies": {
        "react": ">=18"
      }
    },
    "node_modules/@tanstack/react-table/node_modules/@tanstack/react-store": {
      "version": "0.11.1",
      "resolved": "https://registry.npmjs.org/@tanstack/react-store/-/react-store-0.11.1.tgz",
      "integrity": "sha512-HaIGKI3YLmjBYIvy5DFDY23oNaYZIsTZfngey07Uh5iLVJgM3bIGCnZeOFOqzjFld9JHWcaHJnasD/bKoGKwJQ==",
      "license": "MIT",
      "dependencies": {
        "@tanstack/store": "0.11.1",
        "use-sync-external-store": "^1.6.0"
      },
      "funding": {
        "type": "github",
        "url": "https://github.com/sponsors/tannerlinsley"
      },
      "peerDependencies": {
        "react": "^16.8.0 || ^17.0.0 || ^18.0.0 || ^19.0.0",
        "react-dom": "^16.8.0 || ^17.0.0 || ^18.0.0 || ^19.0.0"
      }
    },
    "node_modules/@tanstack/react-table/node_modules/@tanstack/store": {
      "version": "0.11.1",
      "resolved": "https://registry.npmjs.org/@tanstack/store/-/store-0.11.1.tgz",
      "integrity": "sha512-mzTOBhypOuDJAy/D8n2MfUZ1HFkXnmSETviRyhqEC8LUE7/IZQExOTxMANj3KjTofYTkFNpBY67qaVrT41YccA==",
      "license": "MIT",
      "funding": {
        "type": "github",
        "url": "https://github.com/sponsors/tannerlinsley"
      }
    },
    "node_modules/@tanstack/router-core": {
      "version": "1.171.28",
      "resolved": "https://registry.npmjs.org/@tanstack/router-core/-/router-core-1.171.28.tgz",
      "integrity": "sha512-PvPWSklhw6i9b0rzScVh0btQsK5u/gBYN3mBHyDzhC/U4LrB3WzPXPkUunQUKvQOGXCp16UEb7Htc/ITGm5DkQ==",
      "license": "MIT",
      "dependencies": {
        "@tanstack/history": "1.162.2",
        "cookie-es": "^3.0.0",
        "seroval": "^1.6.2",
        "seroval-plugins": "^1.6.2"
      },
      "engines": {
        "node": ">=20.19"
      },
      "funding": {
        "type": "github",
        "url": "https://github.com/sponsors/tannerlinsley"
      }
    },
    "node_modules/@tanstack/store": {
      "version": "0.9.3",
      "resolved": "https://registry.npmjs.org/@tanstack/store/-/store-0.9.3.tgz",
      "integrity": "sha512-8reSzl/qGWGGVKhBoxXPMWzATSbZLZFWhwBAFO9NAyp0TxzfBP0mIrGb8CP8KrQTmvzXlR/vFPPUrHTLBGyFyw==",
      "license": "MIT",
      "funding": {
        "type": "github",
        "url": "https://github.com/sponsors/tannerlinsley"
      }
    },
    "node_modules/@tanstack/table-core": {
      "version": "9.2.4",
      "resolved": "https://registry.npmjs.org/@tanstack/table-core/-/table-core-9.2.4.tgz",
      "integrity": "sha512-GwdDyGGr6UXAtubF14yAwcXvdaogqfsQgIk89Suebjxob/Rjq2xvfmXsjDF1rQmKmhHsJm9TOY7myxv3i6geJw==",
      "license": "MIT",
      "dependencies": {
        "@tanstack/store": "^0.11.1"
      },
      "engines": {
        "node": ">=20"
      },
      "funding": {
        "type": "github",
        "url": "https://github.com/sponsors/tannerlinsley"
      }
    },
    "node_modules/@tanstack/table-core/node_modules/@tanstack/store": {
      "version": "0.11.1",
      "resolved": "https://registry.npmjs.org/@tanstack/store/-/store-0.11.1.tgz",
      "integrity": "sha512-mzTOBhypOuDJAy/D8n2MfUZ1HFkXnmSETviRyhqEC8LUE7/IZQExOTxMANj3KjTofYTkFNpBY67qaVrT41YccA==",
      "license": "MIT",
      "funding": {
        "type": "github",
        "url": "https://github.com/sponsors/tannerlinsley"
      }
    },
    "node_modules/clsx": {
      "version": "2.1.1",
      "resolved": "https://registry.npmjs.org/clsx/-/clsx-2.1.1.tgz",
      "integrity": "sha512-eYm0QWBtUrBWZWG0d386OGAw16Z995PiOVo2B7bjWSbHedGl5e0ZWaq65kOGgUSNesEIDkB9ISbTg/JK9dhCZA==",
      "license": "MIT",
      "engines": {
        "node": ">=6"
      }
    },
    "node_modules/cookie-es": {
      "version": "3.1.1",
      "resolved": "https://registry.npmjs.org/cookie-es/-/cookie-es-3.1.1.tgz",
      "integrity": "sha512-UaXxwISYJPTr9hwQxMFYZ7kNhSXboMXP+Z3TRX6f1/NyaGPfuNUZOWP1pUEb75B2HjfklIYLVRfWiFZJyC6Npg==",
      "license": "MIT"
    },
    "node_modules/isbot": {
      "version": "5.2.2",
      "resolved": "https://registry.npmjs.org/isbot/-/isbot-5.2.2.tgz",
      "integrity": "sha512-iQcBXcd+Rv/pkubRyGh2utW2j1oPG5hZY6TUhVPpqK4G+o3IbxpJNx04hgksjc/N7GK5pEorUxDeg31cFgEk/w==",
      "license": "Unlicense",
      "engines": {
        "node": ">=18"
      }
    },
    "node_modules/lucide-react": {
      "version": "1.43.0",
      "resolved": "https://registry.npmjs.org/lucide-react/-/lucide-react-1.43.0.tgz",
      "integrity": "sha512-ubtnda1fVK5ky0PNEpOmB0wiwhpZUyJiol4K14KCm+QKvuCkfUu54Et/rIjyupJpwiJ5Hg+BLQE86/GEsS+IgQ==",
      "license": "ISC",
      "peerDependencies": {
        "react": "^16.5.1 || ^17.0.0 || ^18.0.0 || ^19.0.0"
      }
    },
    "node_modules/react": {
      "version": "19.2.8",
      "resolved": "https://registry.npmjs.org/react/-/react-19.2.8.tgz",
      "integrity": "sha512-PWaYA1L/q9u2u7xYQi+Y3L3Yfnie7XyLeaJICV1MGD6LprsBxcAqGjYyr0eY3p+QdsA+x/Irkt4Qif8D63+Sbw==",
      "license": "MIT",
      "peer": true,
      "engines": {
        "node": ">=0.10.0"
      }
    },
    "node_modules/react-dom": {
      "version": "19.2.8",
      "resolved": "https://registry.npmjs.org/react-dom/-/react-dom-19.2.8.tgz",
      "integrity": "sha512-rVprimfGBG3DR+Tq0IQG2DT5PxKth1WIGDmj5yPmlzr4YBe7uyE+Du4oVqTDXZSHGGGXRtTJEGSSePyQCMBglQ==",
      "license": "MIT",
      "peer": true,
      "dependencies": {
        "scheduler": "^0.27.0"
      },
      "peerDependencies": {
        "react": "^19.2.8"
      }
    },
    "node_modules/react-hook-form": {
      "version": "7.87.0",
      "resolved": "https://registry.npmjs.org/react-hook-form/-/react-hook-form-7.87.0.tgz",
      "integrity": "sha512-zhFzWvLxNHH+8839OnZcUxgMZw88ah2jZWDWvKWgF3Tpbnd0vKL+dlcuU3nZVWESZQjd81EW8K+wU+cYfYAc0w==",
      "license": "MIT",
      "engines": {
        "node": ">=18.0.0"
      },
      "funding": {
        "type": "opencollective",
        "url": "https://opencollective.com/react-hook-form"
      },
      "peerDependencies": {
        "react": "^16.8.0 || ^17 || ^18 || ^19"
      }
    },
    "node_modules/scheduler": {
      "version": "0.27.0",
      "resolved": "https://registry.npmjs.org/scheduler/-/scheduler-0.27.0.tgz",
      "integrity": "sha512-eNv+WrVbKu1f3vbYJT/xtiF5syA5HPIMtf9IgY/nKg0sWqzAUEvqY/xm7OcZc/qafLx/iO9FgOmeSAp4v5ti/Q==",
      "license": "MIT",
      "peer": true
    },
    "node_modules/seroval": {
      "version": "1.6.7",
      "resolved": "https://registry.npmjs.org/seroval/-/seroval-1.6.7.tgz",
      "integrity": "sha512-AeDcLh0yO2SFm9W71essgnSzLV9DI8ZH0x0knXn2DMnUZj728mpLbxjlbB6IqKCmqh8JA3cEqRyGoNkt584JcQ==",
      "license": "MIT",
      "engines": {
        "node": ">=10"
      }
    },
    "node_modules/seroval-plugins": {
      "version": "1.6.7",
      "resolved": "https://registry.npmjs.org/seroval-plugins/-/seroval-plugins-1.6.7.tgz",
      "integrity": "sha512-4Nk35ttD3DTDJW4hgw5StsVAPeU6qnDFnULAouw6tQ7oLTV/ICXrWpsXo2EE52eSP2joUMazbVf52mFEcADqRw==",
      "license": "MIT",
      "engines": {
        "node": ">=10"
      },
      "peerDependencies": {
        "seroval": "^1.0"
      }
    },
    "node_modules/tailwind-merge": {
      "version": "3.6.0",
      "resolved": "https://registry.npmjs.org/tailwind-merge/-/tailwind-merge-3.6.0.tgz",
      "integrity": "sha512-uxL7qAVQriqRQPAyK3pj66VqskWqoZ37PW94jwOTwNfq/z9oyu1V+eqrZqtR2+fCiXdYOZe/Modt8GtvqNzu+w==",
      "license": "MIT",
      "funding": {
        "type": "github",
        "url": "https://github.com/sponsors/dcastil"
      }
    },
    "node_modules/use-sync-external-store": {
      "version": "1.6.0",
      "resolved": "https://registry.npmjs.org/use-sync-external-store/-/use-sync-external-store-1.6.0.tgz",
      "integrity": "sha512-Pp6GSwGP/NrPIrxVFAIkOQeyw8lFenOHijQWkUTrDvrF4ALqylP2C/KCkeS9dpUM3KvYRQhna5vt7IL95+ZQ9w==",
      "license": "MIT",
      "peerDependencies": {
        "react": "^16.8.0 || ^17.0.0 || ^18.0.0 || ^19.0.0"
      }
    },
    "node_modules/zod": {
      "version": "4.5.4",
      "resolved": "https://registry.npmjs.org/zod/-/zod-4.5.4.tgz",
      "integrity": "sha512-sC95tT5iHHH9gtpj6A81kh+NEaRAUFN+qlUPDUbRfOMvNf5QCBqsb3WgvnpVtK5Y+4UfA6KqufotuTvMGiTlsA==",
      "license": "MIT",
      "funding": {
        "url": "https://github.com/sponsors/colinhacks"
      }
    },
    "node_modules/zustand": {
      "version": "5.0.15",
      "resolved": "https://registry.npmjs.org/zustand/-/zustand-5.0.15.tgz",
      "integrity": "sha512-MpSEjRiBkA9crSYeOUH32rJC7SVqAbm0Fqcqge/bUi2PPoLcBWKOsG+C8mevmpr8TwXHBVkChbbJiyvkE+i/3A==",
      "license": "MIT",
      "engines": {
        "node": ">=12.20.0"
      },
      "peerDependencies": {
        "@types/react": ">=18.0.0",
        "immer": ">=9.0.6",
        "react": ">=18.0.0",
        "use-sync-external-store": ">=1.2.0"
      },
      "peerDependenciesMeta": {
        "@types/react": {
          "optional": true
        },
        "immer": {
          "optional": true
        },
        "react": {
          "optional": true
        },
        "use-sync-external-store": {
          "optional": true
        }
      }
    }
  }
}
